// !$*UTF8*$!
{
	archiveVersion = 1;
	classes = {
	};
	objectVersion = 46;
	objects = {

/* Begin PBXBuildFile section */
		0925AB5F13DFEBD000A009B2 /* json_batchallocator.h in Headers */ = {isa = PBXBuildFile; fileRef = 0925AB5713DFEBD000A009B2 /* json_batchallocator.h */; };
		0925AB6013DFEBD000A009B2 /* json_reader.cpp in Sources */ = {isa = PBXBuildFile; fileRef = 0925AB5A13DFEBD000A009B2 /* json_reader.cpp */; };
		0925AB6113DFEBD000A009B2 /* json_tool.h in Headers */ = {isa = PBXBuildFile; fileRef = 0925AB5B13DFEBD000A009B2 /* json_tool.h */; };
		0925AB6213DFEBD000A009B2 /* json_value.cpp in Sources */ = {isa = PBXBuildFile; fileRef = 0925AB5C13DFEBD000A009B2 /* json_value.cpp */; };
		0925AB6313DFEBD000A009B2 /* json_writer.cpp in Sources */ = {isa = PBXBuildFile; fileRef = 0925AB5E13DFEBD000A009B2 /* json_writer.cpp */; };
		0925AB6713DFEBE000A009B2 /* base64.cpp in Sources */ = {isa = PBXBuildFile; fileRef = 0925AB6513DFEBE000A009B2 /* base64.cpp */; };
		0925AB6813DFEBE000A009B2 /* base64.h in Headers */ = {isa = PBXBuildFile; fileRef = 0925AB6613DFEBE000A009B2 /* base64.h */; };
		094A305F13E2C1DC00C4C9D1 /* libz.a in Frameworks */ = {isa = PBXBuildFile; fileRef = 094A305E13E2C1DC00C4C9D1 /* libz.a */; };
		09708B5213E1936100E50F52 /* libssl.a in Frameworks */ = {isa = PBXBuildFile; fileRef = 09708B5113E1936100E50F52 /* libssl.a */; };
		09708B5413E193D600E50F52 /* libsqlite3.a in Frameworks */ = {isa = PBXBuildFile; fileRef = 09708B5313E193D600E50F52 /* libsqlite3.a */; };
		09708B5A13E193F700E50F52 /* libboost_filesystem.a in Frameworks */ = {isa = PBXBuildFile; fileRef = 09708B5513E193F700E50F52 /* libboost_filesystem.a */; };
		09708B5B13E193F700E50F52 /* libboost_iostreams.a in Frameworks */ = {isa = PBXBuildFile; fileRef = 09708B5613E193F700E50F52 /* libboost_iostreams.a */; };
		09708B5C13E193F700E50F52 /* libboost_regex.a in Frameworks */ = {isa = PBXBuildFile; fileRef = 09708B5713E193F700E50F52 /* libboost_regex.a */; };
		09708B5D13E193F700E50F52 /* libboost_system.a in Frameworks */ = {isa = PBXBuildFile; fileRef = 09708B5813E193F700E50F52 /* libboost_system.a */; };
		09708B5E13E193F800E50F52 /* libboost_thread-mt.a in Frameworks */ = {isa = PBXBuildFile; fileRef = 09708B5913E193F700E50F52 /* libboost_thread-mt.a */; };
		09708B6013E1945100E50F52 /* libcrypto.a in Frameworks */ = {isa = PBXBuildFile; fileRef = 09708B5F13E1945100E50F52 /* libcrypto.a */; };
		0980922113DFE2770039462F /* autom8.hpp in Headers */ = {isa = PBXBuildFile; fileRef = 098091D813DFE2770039462F /* autom8.hpp */; };
		0980922213DFE2770039462F /* client.cpp in Sources */ = {isa = PBXBuildFile; fileRef = 098091D913DFE2770039462F /* client.cpp */; };
		0980922313DFE2770039462F /* client.hpp in Headers */ = {isa = PBXBuildFile; fileRef = 098091DA13DFE2770039462F /* client.hpp */; };
		0980922413DFE2770039462F /* common_messages.cpp in Sources */ = {isa = PBXBuildFile; fileRef = 098091DB13DFE2770039462F /* common_messages.cpp */; };
		0980922513DFE2770039462F /* common_messages.hpp in Headers */ = {isa = PBXBuildFile; fileRef = 098091DC13DFE2770039462F /* common_messages.hpp */; };
		0980922613DFE2770039462F /* constants.hpp in Headers */ = {isa = PBXBuildFile; fileRef = 098091DD13DFE2770039462F /* constants.hpp */; };
		0980922713DFE2770039462F /* debug.cpp in Sources */ = {isa = PBXBuildFile; fileRef = 098091DE13DFE2770039462F /* debug.cpp */; };
		0980922813DFE2770039462F /* debug.hpp in Headers */ = {isa = PBXBuildFile; fileRef = 098091DF13DFE2770039462F /* debug.hpp */; };
		0980922913DFE2770039462F /* constants.hpp in Headers */ = {isa = PBXBuildFile; fileRef = 098091E113DFE2770039462F /* constants.hpp */; };
		0980922A13DFE2770039462F /* device_base.cpp in Sources */ = {isa = PBXBuildFile; fileRef = 098091E213DFE2770039462F /* device_base.cpp */; };
		0980922B13DFE2770039462F /* device_base.hpp in Headers */ = {isa = PBXBuildFile; fileRef = 098091E313DFE2770039462F /* device_base.hpp */; };
		0980922C13DFE2770039462F /* device_factory.hpp in Headers */ = {isa = PBXBuildFile; fileRef = 098091E413DFE2770039462F /* device_factory.hpp */; };
		0980922D13DFE2770039462F /* device_model.cpp in Sources */ = {isa = PBXBuildFile; fileRef = 098091E513DFE2770039462F /* device_model.cpp */; };
		0980922E13DFE2770039462F /* device_model.hpp in Headers */ = {isa = PBXBuildFile; fileRef = 098091E613DFE2770039462F /* device_model.hpp */; };
		0980922F13DFE2770039462F /* device_system.cpp in Sources */ = {isa = PBXBuildFile; fileRef = 098091E713DFE2770039462F /* device_system.cpp */; };
		0980923013DFE2770039462F /* device_system.hpp in Headers */ = {isa = PBXBuildFile; fileRef = 098091E813DFE2770039462F /* device_system.hpp */; };
		0980923113DFE2770039462F /* null_device_system.hpp in Headers */ = {isa = PBXBuildFile; fileRef = 098091E913DFE2770039462F /* null_device_system.hpp */; };
		0980923413DFE2770039462F /* x10_appliance.cpp in Sources */ = {isa = PBXBuildFile; fileRef = 098091EE13DFE2770039462F /* x10_appliance.cpp */; };
		0980923513DFE2770039462F /* x10_appliance.hpp in Headers */ = {isa = PBXBuildFile; fileRef = 098091EF13DFE2770039462F /* x10_appliance.hpp */; };
		0980923613DFE2770039462F /* x10_device.cpp in Sources */ = {isa = PBXBuildFile; fileRef = 098091F013DFE2770039462F /* x10_device.cpp */; };
		0980923713DFE2770039462F /* x10_device.hpp in Headers */ = {isa = PBXBuildFile; fileRef = 098091F113DFE2770039462F /* x10_device.hpp */; };
		0980923813DFE2770039462F /* x10_device_controller.hpp in Headers */ = {isa = PBXBuildFile; fileRef = 098091F213DFE2770039462F /* x10_device_controller.hpp */; };
		0980923913DFE2770039462F /* x10_device_factory.cpp in Sources */ = {isa = PBXBuildFile; fileRef = 098091F313DFE2770039462F /* x10_device_factory.cpp */; };
		0980923A13DFE2770039462F /* x10_device_factory.hpp in Headers */ = {isa = PBXBuildFile; fileRef = 098091F413DFE2770039462F /* x10_device_factory.hpp */; };
		0980923B13DFE2770039462F /* x10_device_system.hpp in Headers */ = {isa = PBXBuildFile; fileRef = 098091F513DFE2770039462F /* x10_device_system.hpp */; };
		0980923C13DFE2770039462F /* x10_lamp.cpp in Sources */ = {isa = PBXBuildFile; fileRef = 098091F613DFE2770039462F /* x10_lamp.cpp */; };
		0980923D13DFE2770039462F /* x10_lamp.hpp in Headers */ = {isa = PBXBuildFile; fileRef = 098091F713DFE2770039462F /* x10_lamp.hpp */; };
		0980923E13DFE2770039462F /* x10_security_sensor.cpp in Sources */ = {isa = PBXBuildFile; fileRef = 098091F813DFE2770039462F /* x10_security_sensor.cpp */; };
		0980923F13DFE2770039462F /* x10_security_sensor.hpp in Headers */ = {isa = PBXBuildFile; fileRef = 098091F913DFE2770039462F /* x10_security_sensor.hpp */; };
		0980924013DFE2770039462F /* json.cpp in Sources */ = {isa = PBXBuildFile; fileRef = 098091FA13DFE2770039462F /* json.cpp */; };
		0980924113DFE2770039462F /* json.hpp in Headers */ = {isa = PBXBuildFile; fileRef = 098091FB13DFE2770039462F /* json.hpp */; };
		0980924313DFE2770039462F /* message_formatter.hpp in Headers */ = {isa = PBXBuildFile; fileRef = 098091FD13DFE2770039462F /* message_formatter.hpp */; };
		0980924413DFE2770039462F /* message_matcher.hpp in Headers */ = {isa = PBXBuildFile; fileRef = 098091FE13DFE2770039462F /* message_matcher.hpp */; };
		0980924513DFE2770039462F /* message_queue.hpp in Headers */ = {isa = PBXBuildFile; fileRef = 098091FF13DFE2770039462F /* message_queue.hpp */; };
		0980924613DFE2770039462F /* message.cpp in Sources */ = {isa = PBXBuildFile; fileRef = 0980920013DFE2770039462F /* message.cpp */; };
		0980924713DFE2770039462F /* message.hpp in Headers */ = {isa = PBXBuildFile; fileRef = 0980920113DFE2770039462F /* message.hpp */; };
		0980924B13DFE2770039462F /* preferences.cpp in Sources */ = {isa = PBXBuildFile; fileRef = 0980920613DFE2770039462F /* preferences.cpp */; };
		0980924C13DFE2770039462F /* preferences.hpp in Headers */ = {isa = PBXBuildFile; fileRef = 0980920713DFE2770039462F /* preferences.hpp */; };
		0980924D13DFE2770039462F /* request_handler_factory.cpp in Sources */ = {isa = PBXBuildFile; fileRef = 0980920813DFE2770039462F /* request_handler_factory.cpp */; };
		0980924E13DFE2770039462F /* request_handler_factory.hpp in Headers */ = {isa = PBXBuildFile; fileRef = 0980920913DFE2770039462F /* request_handler_factory.hpp */; };
		0980924F13DFE2770039462F /* request_handler_registrar.cpp in Sources */ = {isa = PBXBuildFile; fileRef = 0980920A13DFE2770039462F /* request_handler_registrar.cpp */; };
		0980925013DFE2770039462F /* request_handler_registrar.hpp in Headers */ = {isa = PBXBuildFile; fileRef = 0980920B13DFE2770039462F /* request_handler_registrar.hpp */; };
		0980925113DFE2770039462F /* request_handler.hpp in Headers */ = {isa = PBXBuildFile; fileRef = 0980920C13DFE2770039462F /* request_handler.hpp */; };
		0980925213DFE2770039462F /* request.cpp in Sources */ = {isa = PBXBuildFile; fileRef = 0980920D13DFE2770039462F /* request.cpp */; };
		0980925313DFE2770039462F /* request.hpp in Headers */ = {isa = PBXBuildFile; fileRef = 0980920E13DFE2770039462F /* request.hpp */; };
		0980925413DFE2770039462F /* get_device_list.cpp in Sources */ = {isa = PBXBuildFile; fileRef = 0980921013DFE2770039462F /* get_device_list.cpp */; };
		0980925513DFE2770039462F /* get_device_list.hpp in Headers */ = {isa = PBXBuildFile; fileRef = 0980921113DFE2770039462F /* get_device_list.hpp */; };
		0980925613DFE2770039462F /* get_security_alert_count.cpp in Sources */ = {isa = PBXBuildFile; fileRef = 0980921213DFE2770039462F /* get_security_alert_count.cpp */; };
		0980925713DFE2770039462F /* get_security_alert_count.hpp in Headers */ = {isa = PBXBuildFile; fileRef = 0980921313DFE2770039462F /* get_security_alert_count.hpp */; };
		0980925813DFE2770039462F /* send_device_command.cpp in Sources */ = {isa = PBXBuildFile; fileRef = 0980921413DFE2770039462F /* send_device_command.cpp */; };
		0980925913DFE2770039462F /* send_device_command.hpp in Headers */ = {isa = PBXBuildFile; fileRef = 0980921513DFE2770039462F /* send_device_command.hpp */; };
		0980925A13DFE2770039462F /* response.cpp in Sources */ = {isa = PBXBuildFile; fileRef = 0980921613DFE2770039462F /* response.cpp */; };
		0980925B13DFE2770039462F /* response.hpp in Headers */ = {isa = PBXBuildFile; fileRef = 0980921713DFE2770039462F /* response.hpp */; };
		0980925C13DFE2770039462F /* server.cpp in Sources */ = {isa = PBXBuildFile; fileRef = 0980921813DFE2770039462F /* server.cpp */; };
		0980925D13DFE2770039462F /* server.hpp in Headers */ = {isa = PBXBuildFile; fileRef = 0980921913DFE2770039462F /* server.hpp */; };
		0980925E13DFE2770039462F /* session.cpp in Sources */ = {isa = PBXBuildFile; fileRef = 0980921A13DFE2770039462F /* session.cpp */; };
		0980925F13DFE2770039462F /* session.hpp in Headers */ = {isa = PBXBuildFile; fileRef = 0980921B13DFE2770039462F /* session.hpp */; };
		0980926013DFE2770039462F /* signal_handler.hpp in Headers */ = {isa = PBXBuildFile; fileRef = 0980921C13DFE2770039462F /* signal_handler.hpp */; };
		0980926113DFE2770039462F /* ssl_certificate.cpp in Sources */ = {isa = PBXBuildFile; fileRef = 0980921D13DFE2770039462F /* ssl_certificate.cpp */; };
		0980926213DFE2770039462F /* ssl_certificate.hpp in Headers */ = {isa = PBXBuildFile; fileRef = 0980921E13DFE2770039462F /* ssl_certificate.hpp */; };
		0980926313DFE2770039462F /* utility.cpp in Sources */ = {isa = PBXBuildFile; fileRef = 0980921F13DFE2770039462F /* utility.cpp */; };
		0980926413DFE2770039462F /* utility.hpp in Headers */ = {isa = PBXBuildFile; fileRef = 0980922013DFE2770039462F /* utility.hpp */; };
/* End PBXBuildFile section */

/* Begin PBXFileReference section */
		0925AB5713DFEBD000A009B2 /* json_batchallocator.h */ = {isa = PBXFileReference; fileEncoding = 4; lastKnownFileType = sourcecode.c.h; name = json_batchallocator.h; path = ../3rdparty/src/lib_json/json_batchallocator.h; sourceTree = "<group>"; };
		0925AB5813DFEBD000A009B2 /* json_internalarray.inl */ = {isa = PBXFileReference; fileEncoding = 4; lastKnownFileType = text; name = json_internalarray.inl; path = ../3rdparty/src/lib_json/json_internalarray.inl; sourceTree = "<group>"; };
		0925AB5913DFEBD000A009B2 /* json_internalmap.inl */ = {isa = PBXFileReference; fileEncoding = 4; lastKnownFileType = text; name = json_internalmap.inl; path = ../3rdparty/src/lib_json/json_internalmap.inl; sourceTree = "<group>"; };
		0925AB5A13DFEBD000A009B2 /* json_reader.cpp */ = {isa = PBXFileReference; fileEncoding = 4; lastKnownFileType = sourcecode.cpp.cpp; name = json_reader.cpp; path = ../3rdparty/src/lib_json/json_reader.cpp; sourceTree = "<group>"; };
		0925AB5B13DFEBD000A009B2 /* json_tool.h */ = {isa = PBXFileReference; fileEncoding = 4; lastKnownFileType = sourcecode.c.h; name = json_tool.h; path = ../3rdparty/src/lib_json/json_tool.h; sourceTree = "<group>"; };
		0925AB5C13DFEBD000A009B2 /* json_value.cpp */ = {isa = PBXFileReference; fileEncoding = 4; lastKnownFileType = sourcecode.cpp.cpp; name = json_value.cpp; path = ../3rdparty/src/lib_json/json_value.cpp; sourceTree = "<group>"; };
		0925AB5D13DFEBD000A009B2 /* json_valueiterator.inl */ = {isa = PBXFileReference; fileEncoding = 4; lastKnownFileType = text; name = json_valueiterator.inl; path = ../3rdparty/src/lib_json/json_valueiterator.inl; sourceTree = "<group>"; };
		0925AB5E13DFEBD000A009B2 /* json_writer.cpp */ = {isa = PBXFileReference; fileEncoding = 4; lastKnownFileType = sourcecode.cpp.cpp; name = json_writer.cpp; path = ../3rdparty/src/lib_json/json_writer.cpp; sourceTree = "<group>"; };
		0925AB6513DFEBE000A009B2 /* base64.cpp */ = {isa = PBXFileReference; fileEncoding = 4; lastKnownFileType = sourcecode.cpp.cpp; name = base64.cpp; path = ../3rdparty/src/base64/base64.cpp; sourceTree = "<group>"; };
		0925AB6613DFEBE000A009B2 /* base64.h */ = {isa = PBXFileReference; fileEncoding = 4; lastKnownFileType = sourcecode.c.h; name = base64.h; path = ../3rdparty/src/base64/base64.h; sourceTree = "<group>"; };
		092D7D5813DFE1F800DD4007 /* libautom8.a */ = {isa = PBXFileReference; explicitFileType = "compiled.mach-o.dylib"; includeInIndex = 0; path = libautom8.a; sourceTree = BUILT_PRODUCTS_DIR; };
		092D7D5D13DFE1F800DD4007 /* libautom8Proj.xcconfig */ = {isa = PBXFileReference; lastKnownFileType = text.xcconfig; path = libautom8Proj.xcconfig; sourceTree = "<group>"; };
		092D7D5E13DFE1F800DD4007 /* libautom8Target.xcconfig */ = {isa = PBXFileReference; lastKnownFileType = text.xcconfig; path = libautom8Target.xcconfig; sourceTree = "<group>"; };
		094A305E13E2C1DC00C4C9D1 /* libz.a */ = {isa = PBXFileReference; lastKnownFileType = archive.ar; name = libz.a; path = ../../../../../opt/local/lib/libz.a; sourceTree = "<group>"; };
		09708B5113E1936100E50F52 /* libssl.a */ = {isa = PBXFileReference; lastKnownFileType = archive.ar; name = libssl.a; path = ../../../../../../opt/local/lib/libssl.a; sourceTree = "<group>"; };
		09708B5313E193D600E50F52 /* libsqlite3.a */ = {isa = PBXFileReference; lastKnownFileType = archive.ar; name = libsqlite3.a; path = ../../../../../../opt/local/lib/libsqlite3.a; sourceTree = "<group>"; };
		09708B5513E193F700E50F52 /* libboost_filesystem.a */ = {isa = PBXFileReference; lastKnownFileType = archive.ar; name = libboost_filesystem.a; path = ../../../../../../opt/local/lib/libboost_filesystem.a; sourceTree = "<group>"; };
		09708B5613E193F700E50F52 /* libboost_iostreams.a */ = {isa = PBXFileReference; lastKnownFileType = archive.ar; name = libboost_iostreams.a; path = ../../../../../../opt/local/lib/libboost_iostreams.a; sourceTree = "<group>"; };
		09708B5713E193F700E50F52 /* libboost_regex.a */ = {isa = PBXFileReference; lastKnownFileType = archive.ar; name = libboost_regex.a; path = ../../../../../../opt/local/lib/libboost_regex.a; sourceTree = "<group>"; };
		09708B5813E193F700E50F52 /* libboost_system.a */ = {isa = PBXFileReference; lastKnownFileType = archive.ar; name = libboost_system.a; path = ../../../../../../opt/local/lib/libboost_system.a; sourceTree = "<group>"; };
		09708B5913E193F700E50F52 /* libboost_thread-mt.a */ = {isa = PBXFileReference; lastKnownFileType = archive.ar; name = "libboost_thread-mt.a"; path = "../../../../../../opt/local/lib/libboost_thread-mt.a"; sourceTree = "<group>"; };
		09708B5F13E1945100E50F52 /* libcrypto.a */ = {isa = PBXFileReference; lastKnownFileType = archive.ar; name = libcrypto.a; path = ../../../../../../opt/local/lib/libcrypto.a; sourceTree = "<group>"; };
		098091D813DFE2770039462F /* autom8.hpp */ = {isa = PBXFileReference; fileEncoding = 4; lastKnownFileType = sourcecode.cpp.h; name = autom8.hpp; path = src/autom8.hpp; sourceTree = SOURCE_ROOT; };
		098091D913DFE2770039462F /* client.cpp */ = {isa = PBXFileReference; fileEncoding = 4; lastKnownFileType = sourcecode.cpp.cpp; name = client.cpp; path = src/client.cpp; sourceTree = SOURCE_ROOT; };
		098091DA13DFE2770039462F /* client.hpp */ = {isa = PBXFileReference; fileEncoding = 4; lastKnownFileType = sourcecode.cpp.h; name = client.hpp; path = src/client.hpp; sourceTree = SOURCE_ROOT; };
		098091DB13DFE2770039462F /* common_messages.cpp */ = {isa = PBXFileReference; fileEncoding = 4; lastKnownFileType = sourcecode.cpp.cpp; name = common_messages.cpp; path = src/common_messages.cpp; sourceTree = SOURCE_ROOT; };
		098091DC13DFE2770039462F /* common_messages.hpp */ = {isa = PBXFileReference; fileEncoding = 4; lastKnownFileType = sourcecode.cpp.h; name = common_messages.hpp; path = src/common_messages.hpp; sourceTree = SOURCE_ROOT; };
		098091DD13DFE2770039462F /* constants.hpp */ = {isa = PBXFileReference; fileEncoding = 4; lastKnownFileType = sourcecode.cpp.h; name = constants.hpp; path = src/constants.hpp; sourceTree = SOURCE_ROOT; };
		098091DE13DFE2770039462F /* debug.cpp */ = {isa = PBXFileReference; fileEncoding = 4; lastKnownFileType = sourcecode.cpp.cpp; name = debug.cpp; path = src/debug.cpp; sourceTree = SOURCE_ROOT; };
		098091DF13DFE2770039462F /* debug.hpp */ = {isa = PBXFileReference; fileEncoding = 4; lastKnownFileType = sourcecode.cpp.h; name = debug.hpp; path = src/debug.hpp; sourceTree = SOURCE_ROOT; };
		098091E113DFE2770039462F /* constants.hpp */ = {isa = PBXFileReference; fileEncoding = 4; lastKnownFileType = sourcecode.cpp.h; path = constants.hpp; sourceTree = "<group>"; };
		098091E213DFE2770039462F /* device_base.cpp */ = {isa = PBXFileReference; fileEncoding = 4; lastKnownFileType = sourcecode.cpp.cpp; path = device_base.cpp; sourceTree = "<group>"; };
		098091E313DFE2770039462F /* device_base.hpp */ = {isa = PBXFileReference; fileEncoding = 4; lastKnownFileType = sourcecode.cpp.h; path = device_base.hpp; sourceTree = "<group>"; };
		098091E413DFE2770039462F /* device_factory.hpp */ = {isa = PBXFileReference; fileEncoding = 4; lastKnownFileType = sourcecode.cpp.h; path = device_factory.hpp; sourceTree = "<group>"; };
		098091E513DFE2770039462F /* device_model.cpp */ = {isa = PBXFileReference; fileEncoding = 4; lastKnownFileType = sourcecode.cpp.cpp; path = device_model.cpp; sourceTree = "<group>"; };
		098091E613DFE2770039462F /* device_model.hpp */ = {isa = PBXFileReference; fileEncoding = 4; lastKnownFileType = sourcecode.cpp.h; path = device_model.hpp; sourceTree = "<group>"; };
		098091E713DFE2770039462F /* device_system.cpp */ = {isa = PBXFileReference; fileEncoding = 4; lastKnownFileType = sourcecode.cpp.cpp; path = device_system.cpp; sourceTree = "<group>"; };
		098091E813DFE2770039462F /* device_system.hpp */ = {isa = PBXFileReference; fileEncoding = 4; lastKnownFileType = sourcecode.cpp.h; path = device_system.hpp; sourceTree = "<group>"; };
		098091E913DFE2770039462F /* null_device_system.hpp */ = {isa = PBXFileReference; fileEncoding = 4; lastKnownFileType = sourcecode.cpp.h; path = null_device_system.hpp; sourceTree = "<group>"; };
		098091EE13DFE2770039462F /* x10_appliance.cpp */ = {isa = PBXFileReference; fileEncoding = 4; lastKnownFileType = sourcecode.cpp.cpp; path = x10_appliance.cpp; sourceTree = "<group>"; };
		098091EF13DFE2770039462F /* x10_appliance.hpp */ = {isa = PBXFileReference; fileEncoding = 4; lastKnownFileType = sourcecode.cpp.h; path = x10_appliance.hpp; sourceTree = "<group>"; };
		098091F013DFE2770039462F /* x10_device.cpp */ = {isa = PBXFileReference; fileEncoding = 4; lastKnownFileType = sourcecode.cpp.cpp; path = x10_device.cpp; sourceTree = "<group>"; };
		098091F113DFE2770039462F /* x10_device.hpp */ = {isa = PBXFileReference; fileEncoding = 4; lastKnownFileType = sourcecode.cpp.h; path = x10_device.hpp; sourceTree = "<group>"; };
		098091F213DFE2770039462F /* x10_device_controller.hpp */ = {isa = PBXFileReference; fileEncoding = 4; lastKnownFileType = sourcecode.cpp.h; path = x10_device_controller.hpp; sourceTree = "<group>"; };
		098091F313DFE2770039462F /* x10_device_factory.cpp */ = {isa = PBXFileReference; fileEncoding = 4; lastKnownFileType = sourcecode.cpp.cpp; path = x10_device_factory.cpp; sourceTree = "<group>"; };
		098091F413DFE2770039462F /* x10_device_factory.hpp */ = {isa = PBXFileReference; fileEncoding = 4; lastKnownFileType = sourcecode.cpp.h; path = x10_device_factory.hpp; sourceTree = "<group>"; };
		098091F513DFE2770039462F /* x10_device_system.hpp */ = {isa = PBXFileReference; fileEncoding = 4; lastKnownFileType = sourcecode.cpp.h; path = x10_device_system.hpp; sourceTree = "<group>"; };
		098091F613DFE2770039462F /* x10_lamp.cpp */ = {isa = PBXFileReference; fileEncoding = 4; lastKnownFileType = sourcecode.cpp.cpp; path = x10_lamp.cpp; sourceTree = "<group>"; };
		098091F713DFE2770039462F /* x10_lamp.hpp */ = {isa = PBXFileReference; fileEncoding = 4; lastKnownFileType = sourcecode.cpp.h; path = x10_lamp.hpp; sourceTree = "<group>"; };
		098091F813DFE2770039462F /* x10_security_sensor.cpp */ = {isa = PBXFileReference; fileEncoding = 4; lastKnownFileType = sourcecode.cpp.cpp; path = x10_security_sensor.cpp; sourceTree = "<group>"; };
		098091F913DFE2770039462F /* x10_security_sensor.hpp */ = {isa = PBXFileReference; fileEncoding = 4; lastKnownFileType = sourcecode.cpp.h; path = x10_security_sensor.hpp; sourceTree = "<group>"; };
		098091FA13DFE2770039462F /* json.cpp */ = {isa = PBXFileReference; fileEncoding = 4; lastKnownFileType = sourcecode.cpp.cpp; name = json.cpp; path = src/json.cpp; sourceTree = SOURCE_ROOT; };
		098091FB13DFE2770039462F /* json.hpp */ = {isa = PBXFileReference; fileEncoding = 4; lastKnownFileType = sourcecode.cpp.h; name = json.hpp; path = src/json.hpp; sourceTree = SOURCE_ROOT; };
		098091FD13DFE2770039462F /* message_formatter.hpp */ = {isa = PBXFileReference; fileEncoding = 4; lastKnownFileType = sourcecode.cpp.h; name = message_formatter.hpp; path = src/message_formatter.hpp; sourceTree = SOURCE_ROOT; };
		098091FE13DFE2770039462F /* message_matcher.hpp */ = {isa = PBXFileReference; fileEncoding = 4; lastKnownFileType = sourcecode.cpp.h; name = message_matcher.hpp; path = src/message_matcher.hpp; sourceTree = SOURCE_ROOT; };
		098091FF13DFE2770039462F /* message_queue.hpp */ = {isa = PBXFileReference; fileEncoding = 4; lastKnownFileType = sourcecode.cpp.h; name = message_queue.hpp; path = src/message_queue.hpp; sourceTree = SOURCE_ROOT; };
		0980920013DFE2770039462F /* message.cpp */ = {isa = PBXFileReference; fileEncoding = 4; lastKnownFileType = sourcecode.cpp.cpp; name = message.cpp; path = src/message.cpp; sourceTree = SOURCE_ROOT; };
		0980920113DFE2770039462F /* message.hpp */ = {isa = PBXFileReference; fileEncoding = 4; lastKnownFileType = sourcecode.cpp.h; name = message.hpp; path = src/message.hpp; sourceTree = SOURCE_ROOT; };
		0980920613DFE2770039462F /* preferences.cpp */ = {isa = PBXFileReference; fileEncoding = 4; lastKnownFileType = sourcecode.cpp.cpp; name = preferences.cpp; path = src/preferences.cpp; sourceTree = SOURCE_ROOT; };
		0980920713DFE2770039462F /* preferences.hpp */ = {isa = PBXFileReference; fileEncoding = 4; lastKnownFileType = sourcecode.cpp.h; name = preferences.hpp; path = src/preferences.hpp; sourceTree = SOURCE_ROOT; };
		0980920813DFE2770039462F /* request_handler_factory.cpp */ = {isa = PBXFileReference; fileEncoding = 4; lastKnownFileType = sourcecode.cpp.cpp; name = request_handler_factory.cpp; path = src/request_handler_factory.cpp; sourceTree = SOURCE_ROOT; };
		0980920913DFE2770039462F /* request_handler_factory.hpp */ = {isa = PBXFileReference; fileEncoding = 4; lastKnownFileType = sourcecode.cpp.h; name = request_handler_factory.hpp; path = src/request_handler_factory.hpp; sourceTree = SOURCE_ROOT; };
		0980920A13DFE2770039462F /* request_handler_registrar.cpp */ = {isa = PBXFileReference; fileEncoding = 4; lastKnownFileType = sourcecode.cpp.cpp; name = request_handler_registrar.cpp; path = src/request_handler_registrar.cpp; sourceTree = SOURCE_ROOT; };
		0980920B13DFE2770039462F /* request_handler_registrar.hpp */ = {isa = PBXFileReference; fileEncoding = 4; lastKnownFileType = sourcecode.cpp.h; name = request_handler_registrar.hpp; path = src/request_handler_registrar.hpp; sourceTree = SOURCE_ROOT; };
		0980920C13DFE2770039462F /* request_handler.hpp */ = {isa = PBXFileReference; fileEncoding = 4; lastKnownFileType = sourcecode.cpp.h; name = request_handler.hpp; path = src/request_handler.hpp; sourceTree = SOURCE_ROOT; };
		0980920D13DFE2770039462F /* request.cpp */ = {isa = PBXFileReference; fileEncoding = 4; lastKnownFileType = sourcecode.cpp.cpp; name = request.cpp; path = src/request.cpp; sourceTree = SOURCE_ROOT; };
		0980920E13DFE2770039462F /* request.hpp */ = {isa = PBXFileReference; fileEncoding = 4; lastKnownFileType = sourcecode.cpp.h; name = request.hpp; path = src/request.hpp; sourceTree = SOURCE_ROOT; };
		0980921013DFE2770039462F /* get_device_list.cpp */ = {isa = PBXFileReference; fileEncoding = 4; lastKnownFileType = sourcecode.cpp.cpp; path = get_device_list.cpp; sourceTree = "<group>"; };
		0980921113DFE2770039462F /* get_device_list.hpp */ = {isa = PBXFileReference; fileEncoding = 4; lastKnownFileType = sourcecode.cpp.h; path = get_device_list.hpp; sourceTree = "<group>"; };
		0980921213DFE2770039462F /* get_security_alert_count.cpp */ = {isa = PBXFileReference; fileEncoding = 4; lastKnownFileType = sourcecode.cpp.cpp; path = get_security_alert_count.cpp; sourceTree = "<group>"; };
		0980921313DFE2770039462F /* get_security_alert_count.hpp */ = {isa = PBXFileReference; fileEncoding = 4; lastKnownFileType = sourcecode.cpp.h; path = get_security_alert_count.hpp; sourceTree = "<group>"; };
		0980921413DFE2770039462F /* send_device_command.cpp */ = {isa = PBXFileReference; fileEncoding = 4; lastKnownFileType = sourcecode.cpp.cpp; path = send_device_command.cpp; sourceTree = "<group>"; };
		0980921513DFE2770039462F /* send_device_command.hpp */ = {isa = PBXFileReference; fileEncoding = 4; lastKnownFileType = sourcecode.cpp.h; path = send_device_command.hpp; sourceTree = "<group>"; };
		0980921613DFE2770039462F /* response.cpp */ = {isa = PBXFileReference; fileEncoding = 4; lastKnownFileType = sourcecode.cpp.cpp; name = response.cpp; path = src/response.cpp; sourceTree = SOURCE_ROOT; };
		0980921713DFE2770039462F /* response.hpp */ = {isa = PBXFileReference; fileEncoding = 4; lastKnownFileType = sourcecode.cpp.h; name = response.hpp; path = src/response.hpp; sourceTree = SOURCE_ROOT; };
		0980921813DFE2770039462F /* server.cpp */ = {isa = PBXFileReference; fileEncoding = 4; lastKnownFileType = sourcecode.cpp.cpp; name = server.cpp; path = src/server.cpp; sourceTree = SOURCE_ROOT; };
		0980921913DFE2770039462F /* server.hpp */ = {isa = PBXFileReference; fileEncoding = 4; lastKnownFileType = sourcecode.cpp.h; name = server.hpp; path = src/server.hpp; sourceTree = SOURCE_ROOT; };
		0980921A13DFE2770039462F /* session.cpp */ = {isa = PBXFileReference; fileEncoding = 4; lastKnownFileType = sourcecode.cpp.cpp; name = session.cpp; path = src/session.cpp; sourceTree = SOURCE_ROOT; };
		0980921B13DFE2770039462F /* session.hpp */ = {isa = PBXFileReference; fileEncoding = 4; lastKnownFileType = sourcecode.cpp.h; name = session.hpp; path = src/session.hpp; sourceTree = SOURCE_ROOT; };
		0980921C13DFE2770039462F /* signal_handler.hpp */ = {isa = PBXFileReference; fileEncoding = 4; lastKnownFileType = sourcecode.cpp.h; name = signal_handler.hpp; path = src/signal_handler.hpp; sourceTree = SOURCE_ROOT; };
		0980921D13DFE2770039462F /* ssl_certificate.cpp */ = {isa = PBXFileReference; fileEncoding = 4; lastKnownFileType = sourcecode.cpp.cpp; name = ssl_certificate.cpp; path = src/ssl_certificate.cpp; sourceTree = SOURCE_ROOT; };
		0980921E13DFE2770039462F /* ssl_certificate.hpp */ = {isa = PBXFileReference; fileEncoding = 4; lastKnownFileType = sourcecode.cpp.h; name = ssl_certificate.hpp; path = src/ssl_certificate.hpp; sourceTree = SOURCE_ROOT; };
		0980921F13DFE2770039462F /* utility.cpp */ = {isa = PBXFileReference; fileEncoding = 4; lastKnownFileType = sourcecode.cpp.cpp; name = utility.cpp; path = src/utility.cpp; sourceTree = SOURCE_ROOT; };
		0980922013DFE2770039462F /* utility.hpp */ = {isa = PBXFileReference; fileEncoding = 4; lastKnownFileType = sourcecode.cpp.h; name = utility.hpp; path = src/utility.hpp; sourceTree = SOURCE_ROOT; };
/* End PBXFileReference section */

/* Begin PBXFrameworksBuildPhase section */
		092D7D5513DFE1F800DD4007 /* Frameworks */ = {
			isa = PBXFrameworksBuildPhase;
			buildActionMask = 2147483647;
			files = (
				09708B5213E1936100E50F52 /* libssl.a in Frameworks */,
				09708B5413E193D600E50F52 /* libsqlite3.a in Frameworks */,
				09708B5A13E193F700E50F52 /* libboost_filesystem.a in Frameworks */,
				09708B5B13E193F700E50F52 /* libboost_iostreams.a in Frameworks */,
				09708B5C13E193F700E50F52 /* libboost_regex.a in Frameworks */,
				09708B5D13E193F700E50F52 /* libboost_system.a in Frameworks */,
				09708B5E13E193F800E50F52 /* libboost_thread-mt.a in Frameworks */,
				09708B6013E1945100E50F52 /* libcrypto.a in Frameworks */,
				094A305F13E2C1DC00C4C9D1 /* libz.a in Frameworks */,
			);
			runOnlyForDeploymentPostprocessing = 0;
		};
/* End PBXFrameworksBuildPhase section */

/* Begin PBXGroup section */
		0925AB5513DFEB8B00A009B2 /* 3rdparty */ = {
			isa = PBXGroup;
			children = (
				0925AB6413DFEBD400A009B2 /* base64 */,
				0925AB5613DFEBBC00A009B2 /* json */,
			);
			name = 3rdparty;
			sourceTree = "<group>";
		};
		0925AB5613DFEBBC00A009B2 /* json */ = {
			isa = PBXGroup;
			children = (
				0925AB5713DFEBD000A009B2 /* json_batchallocator.h */,
				0925AB5813DFEBD000A009B2 /* json_internalarray.inl */,
				0925AB5913DFEBD000A009B2 /* json_internalmap.inl */,
				0925AB5A13DFEBD000A009B2 /* json_reader.cpp */,
				0925AB5B13DFEBD000A009B2 /* json_tool.h */,
				0925AB5C13DFEBD000A009B2 /* json_value.cpp */,
				0925AB5D13DFEBD000A009B2 /* json_valueiterator.inl */,
				0925AB5E13DFEBD000A009B2 /* json_writer.cpp */,
			);
			name = json;
			sourceTree = "<group>";
		};
		0925AB6413DFEBD400A009B2 /* base64 */ = {
			isa = PBXGroup;
			children = (
				0925AB6513DFEBE000A009B2 /* base64.cpp */,
				0925AB6613DFEBE000A009B2 /* base64.h */,
			);
			name = base64;
			sourceTree = "<group>";
		};
		092D7D4D13DFE1F800DD4007 = {
			isa = PBXGroup;
			children = (
				094A305E13E2C1DC00C4C9D1 /* libz.a */,
				09708B5F13E1945100E50F52 /* libcrypto.a */,
				09708B5513E193F700E50F52 /* libboost_filesystem.a */,
				09708B5613E193F700E50F52 /* libboost_iostreams.a */,
				09708B5713E193F700E50F52 /* libboost_regex.a */,
				09708B5813E193F700E50F52 /* libboost_system.a */,
				09708B5913E193F700E50F52 /* libboost_thread-mt.a */,
				09708B5313E193D600E50F52 /* libsqlite3.a */,
				09708B5113E1936100E50F52 /* libssl.a */,
				0925AB5513DFEB8B00A009B2 /* 3rdparty */,
				092D7D5A13DFE1F800DD4007 /* libautom8 */,
				092D7D5913DFE1F800DD4007 /* Products */,
			);
			sourceTree = "<group>";
		};
		092D7D5913DFE1F800DD4007 /* Products */ = {
			isa = PBXGroup;
			children = (
				092D7D5813DFE1F800DD4007 /* libautom8.a */,
			);
			name = Products;
			sourceTree = "<group>";
		};
		092D7D5A13DFE1F800DD4007 /* libautom8 */ = {
			isa = PBXGroup;
			children = (
				098091E013DFE2770039462F /* devices */,
				0980926513DFE2970039462F /* protocol */,
				0980926813DFE3480039462F /* util */,
				098091D813DFE2770039462F /* autom8.hpp */,
				092D7D5D13DFE1F800DD4007 /* libautom8Proj.xcconfig */,
				092D7D5E13DFE1F800DD4007 /* libautom8Target.xcconfig */,
			);
			path = libautom8;
			sourceTree = "<group>";
		};
		098091E013DFE2770039462F /* devices */ = {
			isa = PBXGroup;
			children = (
				098091E113DFE2770039462F /* constants.hpp */,
				098091E213DFE2770039462F /* device_base.cpp */,
				098091E313DFE2770039462F /* device_base.hpp */,
				098091E413DFE2770039462F /* device_factory.hpp */,
				098091E513DFE2770039462F /* device_model.cpp */,
				098091E613DFE2770039462F /* device_model.hpp */,
				098091E713DFE2770039462F /* device_system.cpp */,
				098091E813DFE2770039462F /* device_system.hpp */,
				098091E913DFE2770039462F /* null_device_system.hpp */,
				098091EA13DFE2770039462F /* x10 */,
			);
			name = devices;
			path = src/devices;
			sourceTree = SOURCE_ROOT;
		};
		098091EA13DFE2770039462F /* x10 */ = {
			isa = PBXGroup;
			children = (
				098091EE13DFE2770039462F /* x10_appliance.cpp */,
				098091EF13DFE2770039462F /* x10_appliance.hpp */,
				098091F013DFE2770039462F /* x10_device.cpp */,
				098091F113DFE2770039462F /* x10_device.hpp */,
				098091F213DFE2770039462F /* x10_device_controller.hpp */,
				098091F313DFE2770039462F /* x10_device_factory.cpp */,
				098091F413DFE2770039462F /* x10_device_factory.hpp */,
				098091F513DFE2770039462F /* x10_device_system.hpp */,
				098091F613DFE2770039462F /* x10_lamp.cpp */,
				098091F713DFE2770039462F /* x10_lamp.hpp */,
				098091F813DFE2770039462F /* x10_security_sensor.cpp */,
				098091F913DFE2770039462F /* x10_security_sensor.hpp */,
			);
			path = x10;
			sourceTree = "<group>";
		};
		0980920F13DFE2770039462F /* request_handlers */ = {
			isa = PBXGroup;
			children = (
				0980921013DFE2770039462F /* get_device_list.cpp */,
				0980921113DFE2770039462F /* get_device_list.hpp */,
				0980921213DFE2770039462F /* get_security_alert_count.cpp */,
				0980921313DFE2770039462F /* get_security_alert_count.hpp */,
				0980921413DFE2770039462F /* send_device_command.cpp */,
				0980921513DFE2770039462F /* send_device_command.hpp */,
			);
			name = request_handlers;
			path = src/requests;
			sourceTree = SOURCE_ROOT;
		};
		0980926513DFE2970039462F /* protocol */ = {
			isa = PBXGroup;
			children = (
				0980926613DFE2A30039462F /* client */,
				0980926713DFE2A90039462F /* server */,
				098091DD13DFE2770039462F /* constants.hpp */,
				098091DB13DFE2770039462F /* common_messages.cpp */,
				098091DC13DFE2770039462F /* common_messages.hpp */,
				098091FD13DFE2770039462F /* message_formatter.hpp */,
				098091FE13DFE2770039462F /* message_matcher.hpp */,
				098091FF13DFE2770039462F /* message_queue.hpp */,
				0980920013DFE2770039462F /* message.cpp */,
				0980920113DFE2770039462F /* message.hpp */,
				0980920D13DFE2770039462F /* request.cpp */,
				0980920E13DFE2770039462F /* request.hpp */,
				0980921613DFE2770039462F /* response.cpp */,
				0980921713DFE2770039462F /* response.hpp */,
				0980921D13DFE2770039462F /* ssl_certificate.cpp */,
				0980921E13DFE2770039462F /* ssl_certificate.hpp */,
			);
			name = protocol;
			sourceTree = "<group>";
		};
		0980926613DFE2A30039462F /* client */ = {
			isa = PBXGroup;
			children = (
				098091D913DFE2770039462F /* client.cpp */,
				098091DA13DFE2770039462F /* client.hpp */,
			);
			name = client;
			sourceTree = "<group>";
		};
		0980926713DFE2A90039462F /* server */ = {
			isa = PBXGroup;
			children = (
				0980920F13DFE2770039462F /* request_handlers */,
				0980920813DFE2770039462F /* request_handler_factory.cpp */,
				0980920913DFE2770039462F /* request_handler_factory.hpp */,
				0980920A13DFE2770039462F /* request_handler_registrar.cpp */,
				0980920B13DFE2770039462F /* request_handler_registrar.hpp */,
				0980920C13DFE2770039462F /* request_handler.hpp */,
				0980921813DFE2770039462F /* server.cpp */,
				0980921913DFE2770039462F /* server.hpp */,
				0980921A13DFE2770039462F /* session.cpp */,
				0980921B13DFE2770039462F /* session.hpp */,
			);
			name = server;
			sourceTree = "<group>";
		};
		0980926813DFE3480039462F /* util */ = {
			isa = PBXGroup;
			children = (
				098091DE13DFE2770039462F /* debug.cpp */,
				098091DF13DFE2770039462F /* debug.hpp */,
				098091FA13DFE2770039462F /* json.cpp */,
				098091FB13DFE2770039462F /* json.hpp */,
				0980920613DFE2770039462F /* preferences.cpp */,
				0980920713DFE2770039462F /* preferences.hpp */,
				0980921C13DFE2770039462F /* signal_handler.hpp */,
				0980921F13DFE2770039462F /* utility.cpp */,
				0980922013DFE2770039462F /* utility.hpp */,
			);
			name = util;
			sourceTree = "<group>";
		};
/* End PBXGroup section */

/* Begin PBXHeadersBuildPhase section */
		092D7D5613DFE1F800DD4007 /* Headers */ = {
			isa = PBXHeadersBuildPhase;
			buildActionMask = 2147483647;
			files = (
				0980922113DFE2770039462F /* autom8.hpp in Headers */,
				0980922313DFE2770039462F /* client.hpp in Headers */,
				0980922513DFE2770039462F /* common_messages.hpp in Headers */,
				0980922613DFE2770039462F /* constants.hpp in Headers */,
				0980922813DFE2770039462F /* debug.hpp in Headers */,
				0980922913DFE2770039462F /* constants.hpp in Headers */,
				0980922B13DFE2770039462F /* device_base.hpp in Headers */,
				0980922C13DFE2770039462F /* device_factory.hpp in Headers */,
				0980922E13DFE2770039462F /* device_model.hpp in Headers */,
				0980923013DFE2770039462F /* device_system.hpp in Headers */,
				0980923113DFE2770039462F /* null_device_system.hpp in Headers */,
				0980923513DFE2770039462F /* x10_appliance.hpp in Headers */,
				0980923713DFE2770039462F /* x10_device.hpp in Headers */,
				0980923813DFE2770039462F /* x10_device_controller.hpp in Headers */,
				0980923A13DFE2770039462F /* x10_device_factory.hpp in Headers */,
				0980923B13DFE2770039462F /* x10_device_system.hpp in Headers */,
				0980923D13DFE2770039462F /* x10_lamp.hpp in Headers */,
				0980923F13DFE2770039462F /* x10_security_sensor.hpp in Headers */,
				0980924113DFE2770039462F /* json.hpp in Headers */,
				0980924313DFE2770039462F /* message_formatter.hpp in Headers */,
				0980924413DFE2770039462F /* message_matcher.hpp in Headers */,
				0980924513DFE2770039462F /* message_queue.hpp in Headers */,
				0980924713DFE2770039462F /* message.hpp in Headers */,
				0980924C13DFE2770039462F /* preferences.hpp in Headers */,
				0980924E13DFE2770039462F /* request_handler_factory.hpp in Headers */,
				0980925013DFE2770039462F /* request_handler_registrar.hpp in Headers */,
				0980925113DFE2770039462F /* request_handler.hpp in Headers */,
				0980925313DFE2770039462F /* request.hpp in Headers */,
				0980925513DFE2770039462F /* get_device_list.hpp in Headers */,
				0980925713DFE2770039462F /* get_security_alert_count.hpp in Headers */,
				0980925913DFE2770039462F /* send_device_command.hpp in Headers */,
				0980925B13DFE2770039462F /* response.hpp in Headers */,
				0980925D13DFE2770039462F /* server.hpp in Headers */,
				0980925F13DFE2770039462F /* session.hpp in Headers */,
				0980926013DFE2770039462F /* signal_handler.hpp in Headers */,
				0980926213DFE2770039462F /* ssl_certificate.hpp in Headers */,
				0980926413DFE2770039462F /* utility.hpp in Headers */,
				0925AB5F13DFEBD000A009B2 /* json_batchallocator.h in Headers */,
				0925AB6113DFEBD000A009B2 /* json_tool.h in Headers */,
				0925AB6813DFEBE000A009B2 /* base64.h in Headers */,
			);
			runOnlyForDeploymentPostprocessing = 0;
		};
/* End PBXHeadersBuildPhase section */

/* Begin PBXNativeTarget section */
		092D7D5713DFE1F800DD4007 /* libautom8 */ = {
			isa = PBXNativeTarget;
			buildConfigurationList = 092D7D6613DFE1F800DD4007 /* Build configuration list for PBXNativeTarget "libautom8" */;
			buildPhases = (
				092D7D5413DFE1F800DD4007 /* Sources */,
				092D7D5513DFE1F800DD4007 /* Frameworks */,
				092D7D5613DFE1F800DD4007 /* Headers */,
			);
			buildRules = (
			);
			dependencies = (
			);
			name = libautom8;
			productName = libautom8;
			productReference = 092D7D5813DFE1F800DD4007 /* libautom8.a */;
			productType = "com.apple.product-type.library.dynamic";
		};
/* End PBXNativeTarget section */

/* Begin PBXProject section */
		092D7D4F13DFE1F800DD4007 /* Project object */ = {
			isa = PBXProject;
			buildConfigurationList = 092D7D5213DFE1F800DD4007 /* Build configuration list for PBXProject "libautom8" */;
			compatibilityVersion = "Xcode 3.2";
			developmentRegion = English;
			hasScannedForEncodings = 0;
			knownRegions = (
				en,
			);
			mainGroup = 092D7D4D13DFE1F800DD4007;
			productRefGroup = 092D7D5913DFE1F800DD4007 /* Products */;
			projectDirPath = "";
			projectRoot = "";
			targets = (
				092D7D5713DFE1F800DD4007 /* libautom8 */,
			);
		};
/* End PBXProject section */

/* Begin PBXSourcesBuildPhase section */
		092D7D5413DFE1F800DD4007 /* Sources */ = {
			isa = PBXSourcesBuildPhase;
			buildActionMask = 2147483647;
			files = (
				0980922213DFE2770039462F /* client.cpp in Sources */,
				0980922413DFE2770039462F /* common_messages.cpp in Sources */,
				0980922713DFE2770039462F /* debug.cpp in Sources */,
				0980922A13DFE2770039462F /* device_base.cpp in Sources */,
				0980922D13DFE2770039462F /* device_model.cpp in Sources */,
				0980922F13DFE2770039462F /* device_system.cpp in Sources */,
				0980923413DFE2770039462F /* x10_appliance.cpp in Sources */,
				0980923613DFE2770039462F /* x10_device.cpp in Sources */,
				0980923913DFE2770039462F /* x10_device_factory.cpp in Sources */,
				0980923C13DFE2770039462F /* x10_lamp.cpp in Sources */,
				0980923E13DFE2770039462F /* x10_security_sensor.cpp in Sources */,
				0980924013DFE2770039462F /* json.cpp in Sources */,
				0980924613DFE2770039462F /* message.cpp in Sources */,
				0980924B13DFE2770039462F /* preferences.cpp in Sources */,
				0980924D13DFE2770039462F /* request_handler_factory.cpp in Sources */,
				0980924F13DFE2770039462F /* request_handler_registrar.cpp in Sources */,
				0980925213DFE2770039462F /* request.cpp in Sources */,
				0980925413DFE2770039462F /* get_device_list.cpp in Sources */,
				0980925613DFE2770039462F /* get_security_alert_count.cpp in Sources */,
				0980925813DFE2770039462F /* send_device_command.cpp in Sources */,
				0980925A13DFE2770039462F /* response.cpp in Sources */,
				0980925C13DFE2770039462F /* server.cpp in Sources */,
				0980925E13DFE2770039462F /* session.cpp in Sources */,
				0980926113DFE2770039462F /* ssl_certificate.cpp in Sources */,
				0980926313DFE2770039462F /* utility.cpp in Sources */,
				0925AB6013DFEBD000A009B2 /* json_reader.cpp in Sources */,
				0925AB6213DFEBD000A009B2 /* json_value.cpp in Sources */,
				0925AB6313DFEBD000A009B2 /* json_writer.cpp in Sources */,
				0925AB6713DFEBE000A009B2 /* base64.cpp in Sources */,
			);
			runOnlyForDeploymentPostprocessing = 0;
		};
/* End PBXSourcesBuildPhase section */

/* Begin XCBuildConfiguration section */
		092D7D6413DFE1F800DD4007 /* Debug */ = {
			isa = XCBuildConfiguration;
			buildSettings = {
				ARCHS = "$(ARCHS_STANDARD_64_BIT)";
				GCC_C_LANGUAGE_STANDARD = gnu99;
				GCC_OPTIMIZATION_LEVEL = 0;
				GCC_PREPROCESSOR_DEFINITIONS = DEBUG;
				GCC_SYMBOLS_PRIVATE_EXTERN = NO;
				GCC_VERSION = com.apple.compilers.llvm.clang.1_0;
				GCC_WARN_64_TO_32_BIT_CONVERSION = YES;
				GCC_WARN_ABOUT_RETURN_TYPE = YES;
				GCC_WARN_UNUSED_VARIABLE = YES;
				HEADER_SEARCH_PATHS = (
					/opt/local/include/,
					../3rdparty/include/,
					./src/,
				);
				LIBRARY_SEARCH_PATHS = /opt/local/lib;
				MACOSX_DEPLOYMENT_TARGET = 10.6;
				ONLY_ACTIVE_ARCH = YES;
				SDKROOT = macosx;
				VALID_ARCHS = x86_64;
			};
			name = Debug;
		};
		092D7D6513DFE1F800DD4007 /* Release */ = {
			isa = XCBuildConfiguration;
			buildSettings = {
				ARCHS = "$(ARCHS_STANDARD_64_BIT)";
				GCC_C_LANGUAGE_STANDARD = gnu99;
				GCC_VERSION = com.apple.compilers.llvm.clang.1_0;
				GCC_WARN_64_TO_32_BIT_CONVERSION = YES;
				GCC_WARN_ABOUT_RETURN_TYPE = YES;
				GCC_WARN_UNUSED_VARIABLE = YES;
				HEADER_SEARCH_PATHS = (
					/opt/local/include/,
					../3rdparty/include/,
					./src/,
				);
				LIBRARY_SEARCH_PATHS = /opt/local/lib;
				MACOSX_DEPLOYMENT_TARGET = 10.6;
				SDKROOT = macosx;
				VALID_ARCHS = x86_64;
			};
			name = Release;
		};
		092D7D6713DFE1F800DD4007 /* Debug */ = {
			isa = XCBuildConfiguration;
			buildSettings = {
				ALWAYS_SEARCH_USER_PATHS = NO;
				COPY_PHASE_STRIP = NO;
				EXECUTABLE_EXTENSION = a;
				GCC_DYNAMIC_NO_PIC = NO;
				GCC_ENABLE_OBJC_EXCEPTIONS = YES;
				LIBRARY_SEARCH_PATHS = (
					"$(inherited)",
					/opt/local/lib,
				);
				MACH_O_TYPE = staticlib;
				PRODUCT_NAME = "$(TARGET_NAME)";
			};
			name = Debug;
		};
		092D7D6813DFE1F800DD4007 /* Release */ = {
			isa = XCBuildConfiguration;
			buildSettings = {
				ALWAYS_SEARCH_USER_PATHS = NO;
				COPY_PHASE_STRIP = YES;
				DEBUG_INFORMATION_FORMAT = "dwarf-with-dsym";
				EXECUTABLE_EXTENSION = a;
				GCC_ENABLE_OBJC_EXCEPTIONS = YES;
				LIBRARY_SEARCH_PATHS = (
					"$(inherited)",
					/opt/local/lib,
				);
				MACH_O_TYPE = staticlib;
				PRODUCT_NAME = "$(TARGET_NAME)";
			};
			name = Release;
		};
/* End XCBuildConfiguration section */

/* Begin XCConfigurationList section */
		092D7D5213DFE1F800DD4007 /* Build configuration list for PBXProject "libautom8" */ = {
			isa = XCConfigurationList;
			buildConfigurations = (
				092D7D6413DFE1F800DD4007 /* Debug */,
				092D7D6513DFE1F800DD4007 /* Release */,
			);
			defaultConfigurationIsVisible = 0;
			defaultConfigurationName = Release;
		};
		092D7D6613DFE1F800DD4007 /* Build configuration list for PBXNativeTarget "libautom8" */ = {
			isa = XCConfigurationList;
			buildConfigurations = (
				092D7D6713DFE1F800DD4007 /* Debug */,
				092D7D6813DFE1F800DD4007 /* Release */,
			);
			defaultConfigurationIsVisible = 0;
			defaultConfigurationName = Release;
		};
/* End XCConfigurationList section */
	};
	rootObject = 092D7D4F13DFE1F800DD4007 /* Project object */;
}
